{
  "name": "LiveFace",
  "lockfileVersion": 3,
  "requires": true,
  "packages": {
    "": {
      "dependencies": {
        "tensorflow-models": "^0.0.1"
      }
    },
    "node_modules/tensorflow-models": {
      "version": "0.0.1",
      "resolved": "https://registry.npmjs.org/tensorflow-models/-/tensorflow-models-0.0.1.tgz",
      "integrity": "sha512-ze61MpdblYag2nldtnBpFwspH312yXvO9qB5i3006YHKzO9xABUHPlmRcIOnUsKIEqXf3qfXeuNAvccYJuvoxA=="
    }
  }
}
